{
  "version": "5",
  "specifiers": {
    "jsr:@supabase/functions-js@*": "2.4.5",
    "npm:@types/node@*": "22.15.15",
    "npm:openai@^4.52.5": "4.104.0"
  },
  "jsr": {
    "@supabase/functions-js@2.4.5": {
      "integrity": "ead2df253fe0c3b0b682c5f25076978ab62c10afff4d04222451a90ba512c394",
      "dependencies": [
        "npm:openai"
      ]
    }
  },
  "npm": {
    "@types/node-fetch@2.6.12": {
      "integrity": "sha512-8nneRWKCg3rMtF69nLQJnOYUcbafYeFSjqkw3jCRLsqkWFlHaoQrr5mXmofFGOx3DKn7UfmBMyov8ySvLRVldA==",
      "dependencies": [
        "@types/node@22.15.15",
        "form-data"
      ]
    },
    "@types/node@18.19.119": {
      "integrity": "sha512-d0F6m9itIPaKnrvEMlzE48UjwZaAnFW7Jwibacw9MNdqadjKNpUm9tfJYDwmShJmgqcoqYUX3EMKO1+RWiuuNg==",
      "dependencies": [
        "undici-types@5.26.5"
      ]
    },
    "@types/node@22.15.15": {
      "integrity": "sha512-R5muMcZob3/Jjchn5LcO8jdKwSCbzqmPB6ruBxMcf9kbxtniZHP327s6C37iOfuw8mbKK3cAQa7sEl7afLrQ8A==",
      "dependencies": [
        "undici-types@6.21.0"
      ]
    },
    "abort-controller@3.0.0": {
      "integrity": "sha512-h8lQ8tacZYnR3vNQTgibj+tODHI5/+l06Au2Pcriv/Gmet0eaj4TwWH41sO9wnHDiQsEj19q0drzdWdeAHtweg==",
      "dependencies": [
        "event-target-shim"
      ]
    },
    "agentkeepalive@4.6.0": {
      "integrity": "sha512-kja8j7PjmncONqaTsB8fQ+wE2mSU2DJ9D4XKoJ5PFWIdRMa6SLSN1ff4mOr4jCbfRSsxR4keIiySJU0N9T5hIQ==",
      "dependencies": [
        "humanize-ms"
      ]
    },
    "asynckit@0.4.0": {
      "integrity": "sha512-Oei9OH4tRh0YqU3GxhX79dM/mwVgvbZJaSNaRk+bshkj0S5cfHcgYakreBjrHwatXKbz+IoIdYLxrKim2MjW0Q=="
    },
    "call-bind-apply-helpers@1.0.2": {
      "integrity": "sha512-Sp1ablJ0ivDkSzjcaJdxEunN5/XvksFJ2sMBFfq6x0ryhQV/2b/KwFe21cMpmHtPOSij8K99/wSfoEuTObmuMQ==",
      "dependencies": [
        "es-errors",
        "function-bind"
      ]
    },
    "combined-stream@1.0.8": {
      "integrity": "sha512-FQN4MRfuJeHf7cBbBMJFXhKSDq+2kAArBlmRBvcvFE5BB1HZKXtSFASDhdlz9zOYwxh8lDdnvmMOe/+5cdoEdg==",
      "dependencies": [
        "delayed-stream"
      ]
    },
    "delayed-stream@1.0.0": {
      "integrity": "sha512-ZySD7Nf91aLB0RxL4KGrKHBXl7Eds1DAmEdcoVawXnLD7SDhpNgtuII2aAkg7a7QS41jxPSZ17p4VdGnMHk3MQ=="
    },
    "dunder-proto@1.0.1": {
      "integrity": "sha512-KIN/nDJBQRcXw0MLVhZE9iQHmG68qAVIBg9CqmUYjmQIhgij9U5MFvrqkUL5FbtyyzZuOeOt0zdeRe4UY7ct+A==",
      "dependencies": [
        "call-bind-apply-helpers",
        "es-errors",
        "gopd"
      ]
    },
    "es-define-property@1.0.1": {
      "integrity": "sha512-e3nRfgfUZ4rNGL232gUgX06QNyyez04KdjFrF+LTRoOXmrOgFKDg4BCdsjW8EnT69eqdYGmRpJwiPVYNrCaW3g=="
    },
    "es-errors@1.3.0": {
      "integrity": "sha512-Zf5H2Kxt2xjTvbJvP2ZWLEICxA6j+hAmMzIlypy4xcBg1vKVnx89Wy0GbS+kf5cwCVFFzdCFh2XSCFNULS6csw=="
    },
    "es-object-atoms@1.1.1": {
      "integrity": "sha512-FGgH2h8zKNim9ljj7dankFPcICIK9Cp5bm+c2gQSYePhpaG5+esrLODihIorn+Pe6FGJzWhXQotPv73jTaldXA==",
      "dependencies": [
        "es-errors"
      ]
    },
    "es-set-tostringtag@2.1.0": {
      "integrity": "sha512-j6vWzfrGVfyXxge+O0x5sh6cvxAog0a/4Rdd2K36zCMV5eJ+/+tOAngRO8cODMNWbVRdVlmGZQL2YS3yR8bIUA==",
      "dependencies": [
        "es-errors",
        "get-intrinsic",
        "has-tostringtag",
        "hasown"
      ]
    },
    "event-target-shim@5.0.1": {
      "integrity": "sha512-i/2XbnSz/uxRCU6+NdVJgKWDTM427+MqYbkQzD321DuCQJUqOuJKIA0IM2+W2xtYHdKOmZ4dR6fExsd4SXL+WQ=="
    },
    "form-data-encoder@1.7.2": {
      "integrity": "sha512-qfqtYan3rxrnCk1VYaA4H+Ms9xdpPqvLZa6xmMgFvhO32x7/3J/ExcTd6qpxM0vH2GdMI+poehyBZvqfMTto8A=="
    },
    "form-data@4.0.4": {
      "integrity": "sha512-KrGhL9Q4zjj0kiUt5OO4Mr/A/jlI2jDYs5eHBpYHPcBEVSiipAvn2Ko2HnPe20rmcuuvMHNdZFp+4IlGTMF0Ow==",
      "dependencies": [
        "asynckit",
        "combined-stream",
        "es-set-tostringtag",
        "hasown",
        "mime-types"
      ]
    },
    "formdata-node@4.4.1": {
      "integrity": "sha512-0iirZp3uVDjVGt9p49aTaqjk84TrglENEDuqfdlZQ1roC9CWlPk6Avf8EEnZNcAqPonwkG35x4n3ww/1THYAeQ==",
      "dependencies": [
        "node-domexception",
        "web-streams-polyfill"
      ]
    },
    "function-bind@1.1.2": {
      "integrity": "sha512-7XHNxH7qX9xG5mIwxkhumTox/MIRNcOgDrxWsMt2pAr23WHp6MrRlN7FBSFpCpr+oVO0F744iUgR82nJMfG2SA=="
    },
    "get-intrinsic@1.3.0": {
      "integrity": "sha512-9fSjSaos/fRIVIp+xSJlE6lfwhES7LNtKaCBIamHsjr2na1BiABJPo0mOjjz8GJDURarmCPGqaiVg5mfjb98CQ==",
      "dependencies": [
        "call-bind-apply-helpers",
        "es-define-property",
        "es-errors",
        "es-object-atoms",
        "function-bind",
        "get-proto",
        "gopd",
        "has-symbols",
        "hasown",
        "math-intrinsics"
      ]
    },
    "get-proto@1.0.1": {
      "integrity": "sha512-sTSfBjoXBp89JvIKIefqw7U2CCebsc74kiY6awiGogKtoSGbgjYE/G/+l9sF3MWFPNc9IcoOC4ODfKHfxFmp0g==",
      "dependencies": [
        "dunder-proto",
        "es-object-atoms"
      ]
    },
    "gopd@1.2.0": {
      "integrity": "sha512-ZUKRh6/kUFoAiTAtTYPZJ3hw9wNxx+BIBOijnlG9PnrJsCcSjs1wyyD6vJpaYtgnzDrKYRSqf3OO6Rfa93xsRg=="
    },
    "has-symbols@1.1.0": {
      "integrity": "sha512-1cDNdwJ2Jaohmb3sg4OmKaMBwuC48sYni5HUw2DvsC8LjGTLK9h+eb1X6RyuOHe4hT0ULCW68iomhjUoKUqlPQ=="
    },
    "has-tostringtag@1.0.2": {
      "integrity": "sha512-NqADB8VjPFLM2V0VvHUewwwsw0ZWBaIdgo+ieHtK3hasLz4qeCRjYcqfB6AQrBggRKppKF8L52/VqdVsO47Dlw==",
      "dependencies": [
        "has-symbols"
      ]
    },
    "hasown@2.0.2": {
      "integrity": "sha512-0hJU9SCPvmMzIBdZFqNPXWa6dqh7WdH0cII9y+CyS8rG3nL48Bclra9HmKhVVUHyPWNH5Y7xDwAB7bfgSjkUMQ==",
      "dependencies": [
        "function-bind"
      ]
    },
    "humanize-ms@1.2.1": {
      "integrity": "sha512-Fl70vYtsAFb/C06PTS9dZBo7ihau+Tu/DNCk/OyHhea07S+aeMWpFFkUaXRa8fI+ScZbEI8dfSxwY7gxZ9SAVQ==",
      "dependencies": [
        "ms"
      ]
    },
    "math-intrinsics@1.1.0": {
      "integrity": "sha512-/IXtbwEk5HTPyEwyKX6hGkYXxM9nbj64B+ilVJnC/R6B0pH5G4V3b0pVbL7DBj4tkhBAppbQUlf6F6Xl9LHu1g=="
    },
    "mime-db@1.52.0": {
      "integrity": "sha512-sPU4uV7dYlvtWJxwwxHD0PuihVNiE7TyAbQ5SWxDCB9mUYvOgroQOwYQQOKPJ8CIbE+1ETVlOoK1UC2nU3gYvg=="
    },
    "mime-types@2.1.35": {
      "integrity": "sha512-ZDY+bPm5zTTF+YpCrAU9nK0UgICYPT0QtT1NZWFv4s++TNkcgVaT0g6+4R2uI4MjQjzysHB1zxuWL50hzaeXiw==",
      "dependencies": [
        "mime-db"
      ]
    },
    "ms@2.1.3": {
      "integrity": "sha512-6FlzubTLZG3J2a/NVCAleEhjzq5oxgHyaCU9yYXvcLsvoVaHJq/s5xXI6/XXP6tz7R9xAOtHnSO/tXtF3WRTlA=="
    },
    "node-domexception@1.0.0": {
      "integrity": "sha512-/jKZoMpw0F8GRwl4/eLROPA3cfcXtLApP0QzLmUT/HuPCZWyB7IY9ZrMeKw2O/nFIqPQB3PVM9aYm0F312AXDQ==",
      "deprecated": true
    },
    "node-fetch@2.7.0": {
      "integrity": "sha512-c4FRfUm/dbcWZ7U+1Wq0AwCyFL+3nt2bEw05wfxSz+DWpWsitgmSgYmy2dQdWyKC1694ELPqMs/YzUSNozLt8A==",
      "dependencies": [
        "whatwg-url"
      ]
    },
    "openai@4.104.0": {
      "integrity": "sha512-p99EFNsA/yX6UhVO93f5kJsDRLAg+CTA2RBqdHK4RtK8u5IJw32Hyb2dTGKbnnFmnuoBv5r7Z2CURI9sGZpSuA==",
      "dependencies": [
        "@types/node@18.19.119",
        "@types/node-fetch",
        "abort-controller",
        "agentkeepalive",
        "form-data-encoder",
        "formdata-node",
        "node-fetch"
      ],
      "bin": true
    },
    "tr46@0.0.3": {
      "integrity": "sha512-N3WMsuqV66lT30CrXNbEjx4GEwlow3v6rr4mCcv6prnfwhS01rkgyFdjPNBYd9br7LpXV1+Emh01fHnq2Gdgrw=="
    },
    "undici-types@5.26.5": {
      "integrity": "sha512-JlCMO+ehdEIKqlFxk6IfVoAUVmgz7cU7zD/h9XZ0qzeosSHmUJVOzSQvvYSYWXkFXC+IfLKSIffhv0sVZup6pA=="
    },
    "undici-types@6.21.0": {
      "integrity": "sha512-iwDZqg0QAGrg9Rav5H4n0M64c3mkR59cJ6wQp+7C4nI0gsmExaedaYLNO44eT4AtBBwjbTiGPMlt2Md0T9H9JQ=="
    },
    "web-streams-polyfill@4.0.0-beta.3": {
      "integrity": "sha512-QW95TCTaHmsYfHDybGMwO5IJIM93I/6vTRk+daHTWFPhwh+C8Cg7j7XyKrwrj8Ib6vYXe0ocYNrmzY4xAAN6ug=="
    },
    "webidl-conversions@3.0.1": {
      "integrity": "sha512-2JAn3z8AR6rjK8Sm8orRC0h/bcl/DqL7tRPdGZ4I1CjdF+EaMLmYxBHyXuKL849eucPFhvBoxMsflfOb8kxaeQ=="
    },
    "whatwg-url@5.0.0": {
      "integrity": "sha512-saE57nupxk6v3HY35+jzBwYa0rKSy0XR8JSxZPwgLr7ys0IBzhGviA1/TUGJLmSVqs8pb9AnvICXEuOHLprYTw==",
      "dependencies": [
        "tr46",
        "webidl-conversions"
      ]
    }
  },
  "redirects": {
    "https://esm.sh/@supabase/node-fetch@^2.6.13?target=denonext": "https://esm.sh/@supabase/node-fetch@2.6.15?target=denonext",
    "https://esm.sh/@supabase/node-fetch@^2.6.14?target=denonext": "https://esm.sh/@supabase/node-fetch@2.6.15?target=denonext",
    "https://esm.sh/@supabase/supabase-js@2": "https://esm.sh/@supabase/supabase-js@2.52.0",
    "https://esm.sh/isows@^1.0.7?target=denonext": "https://esm.sh/isows@1.0.7?target=denonext",
    "https://esm.sh/tr46@~0.0.3?target=denonext": "https://esm.sh/tr46@0.0.3?target=denonext",
    "https://esm.sh/webidl-conversions@^3.0.0?target=denonext": "https://esm.sh/webidl-conversions@3.0.1?target=denonext",
    "https://esm.sh/whatwg-url@^5.0.0?target=denonext": "https://esm.sh/whatwg-url@5.0.0?target=denonext"
  },
  "remote": {
    "https://cdn.skypack.dev/-/http-cache-semantics@v4.2.0-ayuitodc3NV7l3LbWgow/dist=es2019,mode=imports/optimized/http-cache-semantics.js": "5f802d4772ba7f919ebcce41d2b1f3d811f366f08397e30adccee15ff34b379b",
    "https://cdn.skypack.dev/http-cache-semantics?dts": "5690b9a5ba7c641515a9c74ea28b858098844a841e7d32defb85d01da9c88249",
    "https://deno.land/std@0.118.0/_util/assert.ts": "2f868145a042a11d5ad0a3c748dcf580add8a0dbc0e876eaa0026303a5488f58",
    "https://deno.land/std@0.118.0/_util/os.ts": "dfb186cc4e968c770ab6cc3288bd65f4871be03b93beecae57d657232ecffcac",
    "https://deno.land/std@0.118.0/path/_constants.ts": "1247fee4a79b70c89f23499691ef169b41b6ccf01887a0abd131009c5581b853",
    "https://deno.land/std@0.118.0/path/_interface.ts": "1fa73b02aaa24867e481a48492b44f2598cd9dfa513c7b34001437007d3642e4",
    "https://deno.land/std@0.118.0/path/_util.ts": "2e06a3b9e79beaf62687196bd4b60a4c391d862cfa007a20fc3a39f778ba073b",
    "https://deno.land/std@0.118.0/path/common.ts": "f41a38a0719a1e85aa11c6ba3bea5e37c15dd009d705bd8873f94c833568cbc4",
    "https://deno.land/std@0.118.0/path/glob.ts": "ea87985765b977cc284b92771003b2070c440e0807c90e1eb0ff3e095911a820",
    "https://deno.land/std@0.118.0/path/mod.ts": "4465dc494f271b02569edbb4a18d727063b5dbd6ed84283ff906260970a15d12",
    "https://deno.land/std@0.118.0/path/posix.ts": "34349174b9cd121625a2810837a82dd8b986bbaaad5ade690d1de75bbb4555b2",
    "https://deno.land/std@0.118.0/path/separator.ts": "8fdcf289b1b76fd726a508f57d3370ca029ae6976fcde5044007f062e643ff1c",
    "https://deno.land/std@0.118.0/path/win32.ts": "11549e8c6df8307a8efcfa47ad7b2a75da743eac7d4c89c9723a944661c8bd2e",
    "https://deno.land/std@0.130.0/async/abortable.ts": "a896ac6b0d4237bd2d2d248217cfa1f0d85ccda93cb25ebda55e33850e526be6",
    "https://deno.land/std@0.130.0/async/deadline.ts": "48ac998d7564969f3e6ec6b6f9bf0217ebd00239b1b2292feba61272d5dd58d0",
    "https://deno.land/std@0.130.0/async/debounce.ts": "564273ef242bcfcda19a439132f940db8694173abffc159ea34f07d18fc42620",
    "https://deno.land/std@0.130.0/async/deferred.ts": "bc18e28108252c9f67dfca2bbc4587c3cbf3aeb6e155f8c864ca8ecff992b98a",
    "https://deno.land/std@0.130.0/async/delay.ts": "cbbdf1c87d1aed8edc7bae13592fb3e27e3106e0748f089c263390d4f49e5f6c",
    "https://deno.land/std@0.130.0/async/mod.ts": "2240c6841157738414331f47dee09bb8c0482c5b1980b6e3234dd03515c8132f",
    "https://deno.land/std@0.130.0/async/mux_async_iterator.ts": "f4d1d259b0c694d381770ddaaa4b799a94843eba80c17f4a2ec2949168e52d1e",
    "https://deno.land/std@0.130.0/async/pool.ts": "97b0dd27c69544e374df857a40902e74e39532f226005543eabacb551e277082",
    "https://deno.land/std@0.130.0/async/tee.ts": "1341feb1f5b1a96f8628d0f8fc07d8c43d3813423f18a63bf1b4785568d21b1f",
    "https://deno.land/std@0.130.0/http/http_status.ts": "71838ad33cb03ff2575f5e8fdea5f930979cdff8a81c11ade497f11d4c026019",
    "https://deno.land/std@0.130.0/http/server.ts": "10c3a7814666cdbabd6f9c18acdcc4593e222275a628280a4868881445fbb5bc",
    "https://deno.land/std@0.203.0/dotenv/load.ts": "0636983549b98f29ab75c9a22a42d9723f0a389ece5498fe971e7bb2556a12e2",
    "https://deno.land/std@0.203.0/dotenv/mod.ts": "1da8c6d0e7f7d8a5c2b19400b763bc11739df24acec235dda7ea2cfd3d300057",
    "https://deno.land/x/httpcache@0.1.2/in_memory.ts": "9f7d2d1600f64934c45493bf300475f3edef8ca540da60f308bda32d30de849e",
    "https://deno.land/x/httpcache@0.1.2/mod.ts": "1247683a7e4f573759afb47709b2b5cd954986cfc4882ed7cc3a21b0e959be58",
    "https://deno.land/x/lru@1.0.2/mod.ts": "1d44b87c4d40ff33749ae5fd85fe234344e0dace835fdfeb48413edea9461159",
    "https://deno.land/x/media_types@v2.11.1/db.ts": "1eac2b1b57195e41d7e40d7b236a3adeb93b4fa18084b4c9db49144fe685c78d",
    "https://deno.land/x/media_types@v2.11.1/mod.ts": "1be09ec3626332f9fe52a8a9ede852bb76d2207f84bec1f1b16c10555478008f",
    "https://deno.land/x/sift@0.5.0/mod.ts": "900cc5dc7be287a48b1f4f036010334a92d1783fb8427c69ad40070dc6b918b4",
    "https://esm.sh/@supabase/auth-js@2.71.1/denonext/auth-js.mjs": "d55f67342e652b8bdce35b0ff13ad5cc294b7e96dbd68f859b464b07c6864967",
    "https://esm.sh/@supabase/functions-js@2.4.5/denonext/functions-js.mjs": "acfcb4db90c292c335a9dbb5664485f5e0b680533d68e6942abb9387ec7e0d0b",
    "https://esm.sh/@supabase/node-fetch@2.6.15/denonext/node-fetch.mjs": "0bae9052231f4f6dbccc7234d05ea96923dbf967be12f402764580b6bf9f713d",
    "https://esm.sh/@supabase/node-fetch@2.6.15?target=denonext": "4d28c4ad97328403184353f68434f2b6973971507919e9150297413664919cf3",
    "https://esm.sh/@supabase/postgrest-js@1.19.4/denonext/postgrest-js.mjs": "2073b5552ba10c7a8302bffffae771e3aede1daf833382355dae239fb0ab2576",
    "https://esm.sh/@supabase/realtime-js@2.11.15/denonext/realtime-js.mjs": "3b7511415165a1b503eae1dfbc10814ef3d0c1c866c97fdec4f6714bfa34a847",
    "https://esm.sh/@supabase/storage-js@2.7.1/denonext/storage-js.mjs": "73ac8cdc95cfcd794fe603dbd7ce06d539ab51538ae6467eabe0f9cc26c993aa",
    "https://esm.sh/@supabase/supabase-js@2.52.0": "7af6a5d4fe4cabcd0c8acdeda3b4ee473938d0c9a76b91ce79035f9f87f9e1e6",
    "https://esm.sh/@supabase/supabase-js@2.52.0/denonext/supabase-js.mjs": "aec3a8d303e5f545eac8498e37dc78048164cefd01c0814b423cb1bc1ecdad9a",
    "https://esm.sh/isows@1.0.7/denonext/isows.mjs": "be1812ebbf28737b43588bbcbd89bf43345e3d58d32be13def331d12361045b4",
    "https://esm.sh/isows@1.0.7?target=denonext": "31b7306eada995ba18e29841d688a42bcc0166caf302e1b183b6d2a7c649f262",
    "https://esm.sh/tr46@0.0.3/denonext/tr46.mjs": "5753ec0a99414f4055f0c1f97691100f13d88e48a8443b00aebb90a512785fa2",
    "https://esm.sh/tr46@0.0.3?target=denonext": "19cb9be0f0d418a0c3abb81f2df31f080e9540a04e43b0f699bce1149cba0cbb",
    "https://esm.sh/webidl-conversions@3.0.1/denonext/webidl-conversions.mjs": "54b5c2d50a294853c4ccebf9d5ed8988c94f4e24e463d84ec859a866ea5fafec",
    "https://esm.sh/webidl-conversions@3.0.1?target=denonext": "4e20318d50528084616c79d7b3f6e7f0fe7b6d09013bd01b3974d7448d767e29",
    "https://esm.sh/whatwg-url@5.0.0/denonext/whatwg-url.mjs": "29b16d74ee72624c915745bbd25b617cfd2248c6af0f5120d131e232a9a9af79",
    "https://esm.sh/whatwg-url@5.0.0?target=denonext": "f001a2cadf81312d214ca330033f474e74d81a003e21e8c5d70a1f46dc97b02d",
    "https://x.lcas.dev/preact@10.5.12/mod.js": "62eb264b333369c5c3f5186fc97964c1787f9352d52decfde9c50084add3a86f",
    "https://x.lcas.dev/preact@10.5.12/ssr.js": "17b5eebfac9321092cee4a6fcbf9a88885936824eadf2c1c16b297cb829721e1"
  }
}
